// !$*UTF8*$!
{
	archiveVersion = 1;
	classes = {
	};
	objectVersion = 46;
	objects = {

/* Begin PBXBuildFile section */
		032D77DF1ADECAA700A1D5AF /* AppDelegate.swift in Sources */ = {isa = PBXBuildFile; fileRef = 032D77DE1ADECAA700A1D5AF /* AppDelegate.swift */; };
		032D77E11ADECAA800A1D5AF /* ViewController.swift in Sources */ = {isa = PBXBuildFile; fileRef = 032D77E01ADECAA800A1D5AF /* ViewController.swift */; };
		032D77E41ADECAA900A1D5AF /* Main.storyboard in Resources */ = {isa = PBXBuildFile; fileRef = 032D77E21ADECAA900A1D5AF /* Main.storyboard */; };
		032D77E61ADECAA900A1D5AF /* Images.xcassets in Resources */ = {isa = PBXBuildFile; fileRef = 032D77E51ADECAA900A1D5AF /* Images.xcassets */; };
		032D77E91ADECAA900A1D5AF /* LaunchScreen.xib in Resources */ = {isa = PBXBuildFile; fileRef = 032D77E71ADECAA900A1D5AF /* LaunchScreen.xib */; };
		032D77F51ADECAB000A1D5AF /* TinderTests.swift in Sources */ = {isa = PBXBuildFile; fileRef = 032D77F41ADECAB000A1D5AF /* TinderTests.swift */; };
/* End PBXBuildFile section */

/* Begin PBXContainerItemProxy section */
		032D77EF1ADECAB000A1D5AF /* PBXContainerItemProxy */ = {
			isa = PBXContainerItemProxy;
			containerPortal = 032D77D11ADECAA300A1D5AF /* Project object */;
			proxyType = 1;
			remoteGlobalIDString = 032D77D81ADECAA400A1D5AF;
			remoteInfo = Tinder;
		};
/* End PBXContainerItemProxy section */

/* Begin PBXFileReference section */
		032D77D91ADECAA500A1D5AF /* Tinder.app */ = {isa = PBXFileReference; explicitFileType = wrapper.application; includeInIndex = 0; path = Tinder.app; sourceTree = BUILT_PRODUCTS_DIR; };
		032D77DD1ADECAA700A1D5AF /* Info.plist */ = {isa = PBXFileReference; lastKnownFileType = text.plist.xml; path = Info.plist; sourceTree = "<group>"; };
		032D77DE1ADECAA700A1D5AF /* AppDelegate.swift */ = {isa = PBXFileReference; lastKnownFileType = sourcecode.swift; path = AppDelegate.swift; sourceTree = "<group>"; };
		032D77E01ADECAA800A1D5AF /* ViewController.swift */ = {isa = PBXFileReference; lastKnownFileType = sourcecode.swift; path = ViewController.swift; sourceTree = "<group>"; };
		032D77E31ADECAA900A1D5AF /* Base */ = {isa = PBXFileReference; lastKnownFileType = file.storyboard; name = Base; path = Base.lproj/Main.storyboard; sourceTree = "<group>"; };
		032D77E51ADECAA900A1D5AF /* Images.xcassets */ = {isa = PBXFileReference; lastKnownFileType = folder.assetcatalog; path = Images.xcassets; sourceTree = "<group>"; };
		032D77E81ADECAA900A1D5AF /* Base */ = {isa = PBXFileReference; lastKnownFileType = file.xib; name = Base; path = Base.lproj/LaunchScreen.xib; sourceTree = "<group>"; };
		032D77EE1ADECAB000A1D5AF /* TinderTests.xctest */ = {isa = PBXFileReference; explicitFileType = wrapper.cfbundle; includeInIndex = 0; path = TinderTests.xctest; sourceTree = BUILT_PRODUCTS_DIR; };
		032D77F31ADECAB000A1D5AF /* Info.plist */ = {isa = PBXFileReference; lastKnownFileType = text.plist.xml; path = Info.plist; sourceTree = "<group>"; };
		032D77F41ADECAB000A1D5AF /* TinderTests.swift */ = {isa = PBXFileReference; lastKnownFileType = sourcecode.swift; path = TinderTests.swift; sourceTree = "<group>"; };
/* End PBXFileReference section */

/* Begin PBXFrameworksBuildPhase section */
		032D77D61ADECAA400A1D5AF /* Frameworks */ = {
			isa = PBXFrameworksBuildPhase;
			buildActionMask = 2147483647;
			files = (
			);
			runOnlyForDeploymentPostprocessing = 0;
		};
		032D77EB1ADECAB000A1D5AF /* Frameworks */ = {
			isa = PBXFrameworksBuildPhase;
			buildActionMask = 2147483647;
			files = (
			);
			runOnlyForDeploymentPostprocessing = 0;
		};
/* End PBXFrameworksBuildPhase section */

/* Begin PBXGroup section */
		032D77D01ADECAA200A1D5AF = {
			isa = PBXGroup;
			children = (
				032D77DB1ADECAA500A1D5AF /* Tinder */,
				032D77F11ADECAB000A1D5AF /* TinderTests */,
				032D77DA1ADECAA500A1D5AF /* Products */,
			);
			sourceTree = "<group>";
		};
		032D77DA1ADECAA500A1D5AF /* Products */ = {
			isa = PBXGroup;
			children = (
				032D77D91ADECAA500A1D5AF /* Tinder.app */,
				032D77EE1ADECAB000A1D5AF /* TinderTests.xctest */,
			);
			name = Products;
			sourceTree = "<group>";
		};
		032D77DB1ADECAA500A1D5AF /* Tinder */ = {
			isa = PBXGroup;
			children = (
				032D77DE1ADECAA700A1D5AF /* AppDelegate.swift */,
				032D77E01ADECAA800A1D5AF /* ViewController.swift */,
				032D77E21ADECAA900A1D5AF /* Main.storyboard */,
				032D77E51ADECAA900A1D5AF /* Images.xcassets */,
				032D77E71ADECAA900A1D5AF /* LaunchScreen.xib */,
				032D77DC1ADECAA600A1D5AF /* Supporting Files */,
			);
			path = Tinder;
			sourceTree = "<group>";
		};
		032D77DC1ADECAA600A1D5AF /* Supporting Files */ = {
			isa = PBXGroup;
			children = (
				032D77DD1ADECAA700A1D5AF /* Info.plist */,
			);
			name = "Supporting Files";
			sourceTree = "<group>";
		};
		032D77F11ADECAB000A1D5AF /* TinderTests */ = {
			isa = PBXGroup;
			children = (
				032D77F41ADECAB000A1D5AF /* TinderTests.swift */,
				032D77F21ADECAB000A1D5AF /* Supporting Files */,
			);
			path = TinderTests;
			sourceTree = "<group>";
		};
		032D77F21ADECAB000A1D5AF /* Supporting Files */ = {
			isa = PBXGroup;
			children = (
				032D77F31ADECAB000A1D5AF /* Info.plist */,
			);
			name = "Supporting Files";
			sourceTree = "<group>";
		};
/* End PBXGroup section */

/* Begin PBXNativeTarget section */
		032D77D81ADECAA400A1D5AF /* Tinder */ = {
			isa = PBXNativeTarget;
			buildConfigurationList = 032D77F81ADECAB000A1D5AF /* Build configuration list for PBXNativeTarget "Tinder" */;
			buildPhases = (
				032D77D51ADECAA400A1D5AF /* Sources */,
				032D77D61ADECAA400A1D5AF /* Frameworks */,
				032D77D71ADECAA400A1D5AF /* Resources */,
			);
			buildRules = (
			);
			dependencies = (
			);
			name = Tinder;
			productName = Tinder;
			productReference = 032D77D91ADECAA500A1D5AF /* Tinder.app */;
			productType = "com.apple.product-type.application";
		};
		032D77ED1ADECAB000A1D5AF /* TinderTests */ = {
			isa = PBXNativeTarget;
			buildConfigurationList = 032D77FB1ADECAB000A1D5AF /* Build configuration list for PBXNativeTarget "TinderTests" */;
			buildPhases = (
				032D77EA1ADECAB000A1D5AF /* Sources */,
				032D77EB1ADECAB000A1D5AF /* Frameworks */,
				032D77EC1ADECAB000A1D5AF /* Resources */,
			);
			buildRules = (
			);
			dependencies = (
				032D77F01ADECAB000A1D5AF /* PBXTargetDependency */,
			);
			name = TinderTests;
			productName = TinderTests;
			productReference = 032D77EE1ADECAB000A1D5AF /* TinderTests.xctest */;
			productType = "com.apple.product-type.bundle.unit-test";
		};
/* End PBXNativeTarget section */

/* Begin PBXProject section */
		032D77D11ADECAA300A1D5AF /* Project object */ = {
			isa = PBXProject;
			attributes = {
				LastUpgradeCheck = 0620;
				ORGANIZATIONNAME = "Joshua Raichur";
				TargetAttributes = {
					032D77D81ADECAA400A1D5AF = {
						CreatedOnToolsVersion = 6.2;
					};
					032D77ED1ADECAB000A1D5AF = {
						CreatedOnToolsVersion = 6.2;
						TestTargetID = 032D77D81ADECAA400A1D5AF;
					};
				};
			};
			buildConfigurationList = 032D77D41ADECAA300A1D5AF /* Build configuration list for PBXProject "Tinder" */;
			compatibilityVersion = "Xcode 3.2";
			developmentRegion = English;
			hasScannedForEncodings = 0;
			knownRegions = (
				en,
				Base,
			);
			mainGroup = 032D77D01ADECAA200A1D5AF;
			productRefGroup = 032D77DA1ADECAA500A1D5AF /* Products */;
			projectDirPath = "";
			projectRoot = "";
			targets = (
				032D77D81ADECAA400A1D5AF /* Tinder */,
				032D77ED1ADECAB000A1D5AF /* TinderTests */,
			);
		};
/* End PBXProject section */

/* Begin PBXResourcesBuildPhase section */
		032D77D71ADECAA400A1D5AF /* Resources */ = {
			isa = PBXResourcesBuildPhase;
			buildActionMask = 2147483647;
			files = (
				032D77E41ADECAA900A1D5AF /* Main.storyboard in Resources */,
				032D77E91ADECAA900A1D5AF /* LaunchScreen.xib in Resources */,
				032D77E61ADECAA900A1D5AF /* Images.xcassets in Resources */,
			);
			runOnlyForDeploymentPostprocessing = 0;
		};
		032D77EC1ADECAB000A1D5AF /* Resources */ = {
			isa = PBXResourcesBuildPhase;
			buildActionMask = 2147483647;
			files = (
			);
			runOnlyForDeploymentPostprocessing = 0;
		};
/* End PBXResourcesBuildPhase section */

/* Begin PBXSourcesBuildPhase section */
		032D77D51ADECAA400A1D5AF /* Sources */ = {
			isa = PBXSourcesBuildPhase;
			buildActionMask = 2147483647;
			files = (
				032D77E11ADECAA800A1D5AF /* ViewController.swift in Sources */,
				032D77DF1ADECAA700A1D5AF /* AppDelegate.swift in Sources */,
			);
			runOnlyForDeploymentPostprocessing = 0;
		};
		032D77EA1ADECAB000A1D5AF /* Sources */ = {
			isa = PBXSourcesBuildPhase;
			buildActionMask = 2147483647;
			files = (
				032D77F51ADECAB000A1D5AF /* TinderTests.swift in Sources */,
			);
			runOnlyForDeploymentPostprocessing = 0;
		};
/* End PBXSourcesBuildPhase section */

/* Begin PBXTargetDependency section */
		032D77F01ADECAB000A1D5AF /* PBXTargetDependency */ = {
			isa = PBXTargetDependency;
			target = 032D77D81ADECAA400A1D5AF /* Tinder */;
			targetProxy = 032D77EF1ADECAB000A1D5AF /* PBXContainerItemProxy */;
		};
/* End PBXTargetDependency section */

/* Begin PBXVariantGroup section */
		032D77E21ADECAA900A1D5AF /* Main.storyboard */ = {
			isa = PBXVariantGroup;
			children = (
				032D77E31ADECAA900A1D5AF /* Base */,
			);
			name = Main.storyboard;
			sourceTree = "<group>";
		};
		032D77E71ADECAA900A1D5AF /* LaunchScreen.xib */ = {
			isa = PBXVariantGroup;
			children = (
				032D77E81ADECAA900A1D5AF /* Base */,
			);
			name = LaunchScreen.xib;
			sourceTree = "<group>";
		};
/* End PBXVariantGroup section */

/* Begin XCBuildConfiguration section */
		032D77F61ADECAB000A1D5AF /* Debug */ = {
			isa = XCBuildConfiguration;
			buildSettings = {
				ALWAYS_SEARCH_USER_PATHS = NO;
				CLANG_CXX_LANGUAGE_STANDARD = "gnu++0x";
				CLANG_CXX_LIBRARY = "libc++";
				CLANG_ENABLE_MODULES = YES;
				CLANG_ENABLE_OBJC_ARC = YES;
				CLANG_WARN_BOOL_CONVERSION = YES;
				CLANG_WARN_CONSTANT_CONVERSION = YES;
				CLANG_WARN_DIRECT_OBJC_ISA_USAGE = YES_ERROR;
				CLANG_WARN_EMPTY_BODY = YES;
				CLANG_WARN_ENUM_CONVERSION = YES;
				CLANG_WARN_INT_CONVERSION = YES;
				CLANG_WARN_OBJC_ROOT_CLASS = YES_ERROR;
				CLANG_WARN_UNREACHABLE_CODE = YES;
				CLANG_WARN__DUPLICATE_METHOD_MATCH = YES;
				"CODE_SIGN_IDENTITY[sdk=iphoneos*]" = "iPhone Developer";
				COPY_PHASE_STRIP = NO;
				ENABLE_STRICT_OBJC_MSGSEND = YES;
				GCC_C_LANGUAGE_STANDARD = gnu99;
				GCC_DYNAMIC_NO_PIC = NO;
				GCC_OPTIMIZATION_LEVEL = 0;
				GCC_PREPROCESSOR_DEFINITIONS = (
					"DEBUG=1",
					"$(inherited)",
				);
				GCC_SYMBOLS_PRIVATE_EXTERN = NO;
				GCC_WARN_64_TO_32_BIT_CONVERSION = YES;
				GCC_WARN_ABOUT_RETURN_TYPE = YES_ERROR;
				GCC_WARN_UNDECLARED_SELECTOR = YES;
				GCC_WARN_UNINITIALIZED_AUTOS = YES_AGGRESSIVE;
				GCC_WARN_UNUSED_FUNCTION = YES;
				GCC_WARN_UNUSED_VARIABLE = YES;
				IPHONEOS_DEPLOYMENT_TARGET = 8.2;
				MTL_ENABLE_DEBUG_INFO = YES;
				ONLY_ACTIVE_ARCH = YES;
				SDKROOT = iphoneos;
				SWIFT_OPTIMIZATION_LEVEL = "-Onone";
			};
			name = Debug;
		};
		032D77F71ADECAB000A1D5AF /* Release */ = {
			isa = XCBuildConfiguration;
			buildSettings = {
				ALWAYS_SEARCH_USER_PATHS = NO;
				CLANG_CXX_LANGUAGE_STANDARD = "gnu++0x";
				CLANG_CXX_LIBRARY = "libc++";
				CLANG_ENABLE_MODULES = YES;
				CLANG_ENABLE_OBJC_ARC = YES;
				CLANG_WARN_BOOL_CONVERSION = YES;
				CLANG_WARN_CONSTANT_CONVERSION = YES;
				CLANG_WARN_DIRECT_OBJC_ISA_USAGE = YES_ERROR;
				CLANG_WARN_EMPTY_BODY = YES;
				CLANG_WARN_ENUM_CONVERSION = YES;
				CLANG_WARN_INT_CONVERSION = YES;
				CLANG_WARN_OBJC_ROOT_CLASS = YES_ERROR;
				CLANG_WARN_UNREACHABLE_CODE = YES;
				CLANG_WARN__DUPLICATE_METHOD_MATCH = YES;
				"CODE_SIGN_IDENTITY[sdk=iphoneos*]" = "iPhone Developer";
				COPY_PHASE_STRIP = NO;
				ENABLE_NS_ASSERTIONS = NO;
				ENABLE_STRICT_OBJC_MSGSEND = YES;
				GCC_C_LANGUAGE_STANDARD = gnu99;
				GCC_WARN_64_TO_32_BIT_CONVERSION = YES;
				GCC_WARN_ABOUT_RETURN_TYPE = YES_ERROR;
				GCC_WARN_UNDECLARED_SELECTOR = YES;
				GCC_WARN_UNINITIALIZED_AUTOS = YES_AGGRESSIVE;
				GCC_WARN_UNUSED_FUNCTION = YES;
				GCC_WARN_UNUSED_VARIABLE = YES;
				IPHONEOS_DEPLOYMENT_TARGET = 8.2;
				MTL_ENABLE_DEBUG_INFO = NO;
				SDKROOT = iphoneos;
				VALIDATE_PRODUCT = YES;
			};
			name = Release;
		};
		032D77F91ADECAB000A1D5AF /* Debug */ = {
			isa = XCBuildConfiguration;
			buildSettings = {
				ASSETCATALOG_COMPILER_APPICON_NAME = AppIcon;
				INFOPLIST_FILE = Tinder/Info.plist;
				LD_RUNPATH_SEARCH_PATHS = "$(inherited) @executable_path/Frameworks";
				PRODUCT_NAME = "$(TARGET_NAME)";
			};
			name = Debug;
		};
		032D77FA1ADECAB000A1D5AF /* Release */ = {
			isa = XCBuildConfiguration;
			buildSettings = {
				ASSETCATALOG_COMPILER_APPICON_NAME = AppIcon;
				INFOPLIST_FILE = Tinder/Info.plist;
				LD_RUNPATH_SEARCH_PATHS = "$(inherited) @executable_path/Frameworks";
				PRODUCT_NAME = "$(TARGET_NAME)";
			};
			name = Release;
		};
		032D77FC1ADECAB000A1D5AF /* Debug */ = {
			isa = XCBuildConfiguration;
			buildSettings = {
				BUNDLE_LOADER = "$(TEST_HOST)";
				FRAMEWORK_SEARCH_PATHS = (
					"$(SDKROOT)/Developer/Library/Frameworks",
					"$(inherited)",
				);
				GCC_PREPROCESSOR_DEFINITIONS = (
					"DEBUG=1",
					"$(inherited)",
				);
				INFOPLIST_FILE = TinderTests/Info.plist;
				LD_RUNPATH_SEARCH_PATHS = "$(inherited) @executable_path/Frameworks @loader_path/Frameworks";
				PRODUCT_NAME = "$(TARGET_NAME)";
				TEST_HOST = "$(BUILT_PRODUCTS_DIR)/Tinder.app/Tinder";
			};
			name = Debug;
		};
		032D77FD1ADECAB000A1D5AF /* Release */ = {
			isa = XCBuildConfiguration;
			buildSettings = {
				BUNDLE_LOADER = "$(TEST_HOST)";
				FRAMEWORK_SEARCH_PATHS = (
					"$(SDKROOT)/Developer/Library/Frameworks",
					"$(inherited)",
				);
				INFOPLIST_FILE = TinderTests/Info.plist;
				LD_RUNPATH_SEARCH_PATHS = "$(inherited) @executable_path/Frameworks @loader_path/Frameworks";
				PRODUCT_NAME = "$(TARGET_NAME)";
				TEST_HOST = "$(BUILT_PRODUCTS_DIR)/Tinder.app/Tinder";
			};
			name = Release;
		};
/* End XCBuildConfiguration section */

/* Begin XCConfigurationList section */
		032D77D41ADECAA300A1D5AF /* Build configuration list for PBXProject "Tinder" */ = {
			isa = XCConfigurationList;
			buildConfigurations = (
				032D77F61ADECAB000A1D5AF /* Debug */,
				032D77F71ADECAB000A1D5AF /* Release */,
			);
			defaultConfigurationIsVisible = 0;
			defaultConfigurationName = Release;
		};
		032D77F81ADECAB000A1D5AF /* Build configuration list for PBXNativeTarget "Tinder" */ = {
			isa = XCConfigurationList;
			buildConfigurations = (
				032D77F91ADECAB000A1D5AF /* Debug */,
				032D77FA1ADECAB000A1D5AF /* Release */,
			);
			defaultConfigurationIsVisible = 0;
		};
		032D77FB1ADECAB000A1D5AF /* Build configuration list for PBXNativeTarget "TinderTests" */ = {
			isa = XCConfigurationList;
			buildConfigurations = (
				032D77FC1ADECAB000A1D5AF /* Debug */,
				032D77FD1ADECAB000A1D5AF /* Release */,
			);
			defaultConfigurationIsVisible = 0;
		};
/* End XCConfigurationList section */
	};
	rootObject = 032D77D11ADECAA300A1D5AF /* Project object */;
}
